
Microsoft Visual Studio Solution File, Format Version 12.00
# Visual Studio Version 17
VisualStudioVersion = 17.7.34221.43
MinimumVisualStudioVersion = 10.0.40219.1
Project("{FAE04EC0-301F-11D3-BF4B-00C04F79EFBC}") = "HistoricalArtifactsManagementSystem", "HistoricalArtifactsManagementSystem\HistoricalArtifactsManagementSystem.csproj", "{DE148F56-9CC1-4E8C-A4F4-4E6F2DA24C6A}"
EndProject
Project("{2150E333-8FDC-42A3-9474-1A3956D46DE8}") = "Solution Items", "Solution Items", "{8B112536-478C-4835-BB3F-C1A6C070D795}"
	ProjectSection(SolutionItems) = preProject
		.gitignore = .gitignore
	EndProjectSection
EndProject
Global
	GlobalSection(SolutionConfigurationPlatforms) = preSolution
		Debug|Any CPU = Debug|Any CPU
		Release|Any CPU = Release|Any CPU
	EndGlobalSection
	GlobalSection(ProjectConfigurationPlatforms) = postSolution
		{DE148F56-9CC1-4E8C-A4F4-4E6F2DA24C6A}.Debug|Any CPU.ActiveCfg = Debug|Any CPU
		{DE148F56-9CC1-4E8C-A4F4-4E6F2DA24C6A}.Debug|Any CPU.Build.0 = Debug|Any CPU
		{DE148F56-9CC1-4E8C-A4F4-4E6F2DA24C6A}.Release|Any CPU.ActiveCfg = Release|Any CPU
		{DE148F56-9CC1-4E8C-A4F4-4E6F2DA24C6A}.Release|Any CPU.Build.0 = Release|Any CPU
	EndGlobalSection
	GlobalSection(SolutionProperties) = preSolution
		HideSolutionNode = FALSE
	EndGlobalSection
	GlobalSection(ExtensibilityGlobals) = postSolution
		SolutionGuid = {62C9C906-439C-4F0A-9CE1-155D6B924A42}
	EndGlobalSection
EndGlobal
