
Microsoft Visual Studio Solution File, Format Version 12.00
# Visual Studio Version 17
VisualStudioVersion = 17.9.34723.18
MinimumVisualStudioVersion = 10.0.40219.1
Project("{FAE04EC0-301F-11D3-BF4B-00C04F79EFBC}") = "WebApplication4", "WebApplication4\WebApplication4.csproj", "{33536AE2-C3A5-4916-894B-A304F0E24D0E}"
EndProject
Global
	GlobalSection(SolutionConfigurationPlatforms) = preSolution
		Debug|Any CPU = Debug|Any CPU
		Release|Any CPU = Release|Any CPU
	EndGlobalSection
	GlobalSection(ProjectConfigurationPlatforms) = postSolution
		{33536AE2-C3A5-4916-894B-A304F0E24D0E}.Debug|Any CPU.ActiveCfg = Debug|Any CPU
		{33536AE2-C3A5-4916-894B-A304F0E24D0E}.Debug|Any CPU.Build.0 = Debug|Any CPU
		{33536AE2-C3A5-4916-894B-A304F0E24D0E}.Release|Any CPU.ActiveCfg = Release|Any CPU
		{33536AE2-C3A5-4916-894B-A304F0E24D0E}.Release|Any CPU.Build.0 = Release|Any CPU
	EndGlobalSection
	GlobalSection(SolutionProperties) = preSolution
		HideSolutionNode = FALSE
	EndGlobalSection
	GlobalSection(ExtensibilityGlobals) = postSolution
		SolutionGuid = {759CE85F-C42A-4D85-8528-31A2747C8B63}
	EndGlobalSection
EndGlobal
